{
  "version": 4,
  "terraform_version": "1.13.4",
  "serial": 19,
  "lineage": "b244e335-a2eb-52ab-7bbb-10ede7b3bbe3",
  "outputs": {
    "load_balancer_dns": {
      "value": "web-load-balancer-1350267554.ap-southeast-1.elb.amazonaws.com",
      "type": "string"
    }
  },
  "resources": [
    {
      "mode": "data",
      "type": "aws_ami",
      "name": "amazon_linux",
      "provider": "provider[\"registry.terraform.io/hashicorp/aws\"]",
      "instances": [
        {
          "schema_version": 0,
          "attributes": {
            "architecture": "x86_64",
            "arn": "arn:aws:ec2:ap-southeast-1::image/ami-029ad316e58237cd4",
            "block_device_mappings": [
              {
                "device_name": "/dev/xvda",
                "ebs": {
                  "delete_on_termination": "true",
                  "encrypted": "false",
                  "iops": "0",
                  "snapshot_id": "snap-0215c20a1ebf08f6e",
                  "throughput": "0",
                  "volume_initialization_rate": "0",
                  "volume_size": "8",
                  "volume_type": "gp2"
                },
                "no_device": "",
                "virtual_name": ""
              }
            ],
            "boot_mode": "",
            "creation_date": "2025-10-24T17:50:23.000Z",
            "deprecation_time": "2026-01-22T00:00:00.000Z",
            "description": "Amazon Linux 2 AMI 2.0.20251027.1 x86_64 HVM gp2",
            "ena_support": true,
            "executable_users": null,
            "filter": [
              {
                "name": "name",
                "values": [
                  "amzn2-ami-hvm-*-x86_64-gp2"
                ]
              },
              {
                "name": "virtualization-type",
                "values": [
                  "hvm"
                ]
              }
            ],
            "hypervisor": "xen",
            "id": "ami-029ad316e58237cd4",
            "image_id": "ami-029ad316e58237cd4",
            "image_location": "amazon/amzn2-ami-hvm-2.0.20251027.1-x86_64-gp2",
            "image_owner_alias": "amazon",
            "image_type": "machine",
            "imds_support": "",
            "include_deprecated": false,
            "kernel_id": "",
            "last_launched_time": "",
            "most_recent": true,
            "name": "amzn2-ami-hvm-2.0.20251027.1-x86_64-gp2",
            "name_regex": null,
            "owner_id": "137112412989",
            "owners": [
              "amazon"
            ],
            "platform": "",
            "platform_details": "Linux/UNIX",
            "product_codes": [],
            "public": true,
            "ramdisk_id": "",
            "root_device_name": "/dev/xvda",
            "root_device_type": "ebs",
            "root_snapshot_id": "snap-0215c20a1ebf08f6e",
            "sriov_net_support": "simple",
            "state": "available",
            "state_reason": {
              "code": "UNSET",
              "message": "UNSET"
            },
            "tags": {},
            "timeouts": null,
            "tpm_support": "",
            "uefi_data": null,
            "usage_operation": "RunInstances",
            "virtualization_type": "hvm"
          },
          "sensitive_attributes": [],
          "identity_schema_version": 0
        }
      ]
    },
    {
      "mode": "data",
      "type": "aws_subnets",
      "name": "default",
      "provider": "provider[\"registry.terraform.io/hashicorp/aws\"]",
      "instances": [
        {
          "schema_version": 0,
          "attributes": {
            "filter": [
              {
                "name": "default-for-az",
                "values": [
                  "true"
                ]
              }
            ],
            "id": "ap-southeast-1",
            "ids": [
              "subnet-03de4e4d550a7b267",
              "subnet-0f4e644c1a5d4b6a5",
              "subnet-03f2fcfd612eb018b"
            ],
            "tags": null,
            "timeouts": null
          },
          "sensitive_attributes": [],
          "identity_schema_version": 0
        }
      ]
    },
    {
      "mode": "data",
      "type": "aws_vpc",
      "name": "default",
      "provider": "provider[\"registry.terraform.io/hashicorp/aws\"]",
      "instances": [
        {
          "schema_version": 0,
          "attributes": {
            "arn": "arn:aws:ec2:ap-southeast-1:528757786828:vpc/vpc-05ab3dc5dcf0937c2",
            "cidr_block": "172.31.0.0/16",
            "cidr_block_associations": [
              {
                "association_id": "vpc-cidr-assoc-063f6710644283e9c",
                "cidr_block": "172.31.0.0/16",
                "state": "associated"
              }
            ],
            "default": true,
            "dhcp_options_id": "dopt-0b059524b22cb0ed9",
            "enable_dns_hostnames": true,
            "enable_dns_support": true,
            "enable_network_address_usage_metrics": false,
            "filter": null,
            "id": "vpc-05ab3dc5dcf0937c2",
            "instance_tenancy": "default",
            "ipv6_association_id": "",
            "ipv6_cidr_block": "",
            "main_route_table_id": "rtb-02c96419f2b22495c",
            "owner_id": "528757786828",
            "state": null,
            "tags": {},
            "timeouts": null
          },
          "sensitive_attributes": [],
          "identity_schema_version": 0
        }
      ]
    },
    {
      "mode": "managed",
      "type": "aws_autoscaling_attachment",
      "name": "asg_attachment",
      "provider": "provider[\"registry.terraform.io/hashicorp/aws\"]",
      "instances": [
        {
          "schema_version": 0,
          "attributes": {
            "autoscaling_group_name": "web-asg",
            "elb": null,
            "id": "web-asg-20251031102700979300000001",
            "lb_target_group_arn": "arn:aws:elasticloadbalancing:ap-southeast-1:528757786828:targetgroup/web-target-group/9100e7af9475f81f"
          },
          "sensitive_attributes": [],
          "identity_schema_version": 0,
          "private": "bnVsbA==",
          "dependencies": [
            "aws_autoscaling_group.web_asg",
            "aws_launch_template.web_template",
            "aws_lb_target_group.web_tg",
            "aws_security_group.web_sg",
            "data.aws_ami.amazon_linux",
            "data.aws_subnets.default",
            "data.aws_vpc.default"
          ]
        }
      ]
    },
    {
      "mode": "managed",
      "type": "aws_autoscaling_group",
      "name": "web_asg",
      "provider": "provider[\"registry.terraform.io/hashicorp/aws\"]",
      "instances": [
        {
          "schema_version": 1,
          "attributes": {
            "arn": "arn:aws:autoscaling:ap-southeast-1:528757786828:autoScalingGroup:aae295cf-53d1-418f-a8a6-979cdcaec221:autoScalingGroupName/web-asg",
            "availability_zone_distribution": [
              {
                "capacity_distribution_strategy": "balanced-best-effort"
              }
            ],
            "availability_zones": [
              "ap-southeast-1a",
              "ap-southeast-1b",
              "ap-southeast-1c"
            ],
            "capacity_rebalance": false,
            "capacity_reservation_specification": [
              {
                "capacity_reservation_preference": "default",
                "capacity_reservation_target": []
              }
            ],
            "context": "",
            "default_cooldown": 300,
            "default_instance_warmup": 0,
            "desired_capacity": 2,
            "desired_capacity_type": "",
            "enabled_metrics": [],
            "force_delete": false,
            "force_delete_warm_pool": false,
            "health_check_grace_period": 300,
            "health_check_type": "EC2",
            "id": "web-asg",
            "ignore_failed_scaling_activities": false,
            "initial_lifecycle_hook": [],
            "instance_maintenance_policy": [],
            "instance_refresh": [
              {
                "preferences": [
                  {
                    "alarm_specification": [],
                    "auto_rollback": false,
                    "checkpoint_delay": "",
                    "checkpoint_percentages": null,
                    "instance_warmup": "60",
                    "max_healthy_percentage": 100,
                    "min_healthy_percentage": 100,
                    "scale_in_protected_instances": "Ignore",
                    "skip_matching": false,
                    "standby_instances": "Ignore"
                  }
                ],
                "strategy": "Rolling",
                "triggers": [
                  "launch_template"
                ]
              }
            ],
            "launch_configuration": "",
            "launch_template": [
              {
                "id": "lt-0b6de8e86160211b8",
                "name": "web-server-template-20251031095519726300000001",
                "version": "$Latest"
              }
            ],
            "load_balancers": [],
            "max_instance_lifetime": 0,
            "max_size": 3,
            "metrics_granularity": "1Minute",
            "min_elb_capacity": null,
            "min_size": 1,
            "mixed_instances_policy": [],
            "name": "web-asg",
            "name_prefix": "",
            "placement_group": "",
            "predicted_capacity": 0,
            "protect_from_scale_in": false,
            "service_linked_role_arn": "arn:aws:iam::528757786828:role/aws-service-role/autoscaling.amazonaws.com/AWSServiceRoleForAutoScaling",
            "suspended_processes": [],
            "tag": [],
            "target_group_arns": [
              "arn:aws:elasticloadbalancing:ap-southeast-1:528757786828:targetgroup/web-target-group/9100e7af9475f81f"
            ],
            "termination_policies": [],
            "timeouts": null,
            "traffic_source": [
              {
                "identifier": "arn:aws:elasticloadbalancing:ap-southeast-1:528757786828:targetgroup/web-target-group/9100e7af9475f81f",
                "type": "elbv2"
              }
            ],
            "vpc_zone_identifier": [
              "subnet-03de4e4d550a7b267",
              "subnet-03f2fcfd612eb018b",
              "subnet-0f4e644c1a5d4b6a5"
            ],
            "wait_for_capacity_timeout": "10m",
            "wait_for_elb_capacity": null,
            "warm_pool": [],
            "warm_pool_size": 0
          },
          "sensitive_attributes": [],
          "identity_schema_version": 0,
          "private": "eyJlMmJmYjczMC1lY2FhLTExZTYtOGY4OC0zNDM2M2JjN2M0YzAiOnsiZGVsZXRlIjo2MDAwMDAwMDAwMDAsInVwZGF0ZSI6NjAwMDAwMDAwMDAwfSwic2NoZW1hX3ZlcnNpb24iOiIxIn0=",
          "dependencies": [
            "aws_launch_template.web_template",
            "aws_security_group.web_sg",
            "data.aws_ami.amazon_linux",
            "data.aws_subnets.default"
          ]
        }
      ]
    },
    {
      "mode": "managed",
      "type": "aws_autoscaling_policy",
      "name": "cpu_scaling_policy",
      "provider": "provider[\"registry.terraform.io/hashicorp/aws\"]",
      "instances": [
        {
          "schema_version": 0,
          "attributes": {
            "adjustment_type": "",
            "arn": "arn:aws:autoscaling:ap-southeast-1:528757786828:scalingPolicy:724ef0b6-207d-4c2d-bfb1-98fbfa7d9c6d:autoScalingGroupName/web-asg:policyName/cpu-scaling-policy",
            "autoscaling_group_name": "web-asg",
            "cooldown": 0,
            "enabled": true,
            "estimated_instance_warmup": 0,
            "id": "cpu-scaling-policy",
            "metric_aggregation_type": "",
            "min_adjustment_magnitude": 0,
            "name": "cpu-scaling-policy",
            "policy_type": "TargetTrackingScaling",
            "predictive_scaling_configuration": [],
            "scaling_adjustment": 0,
            "step_adjustment": [],
            "target_tracking_configuration": [
              {
                "customized_metric_specification": [],
                "disable_scale_in": false,
                "predefined_metric_specification": [
                  {
                    "predefined_metric_type": "ASGAverageCPUUtilization",
                    "resource_label": ""
                  }
                ],
                "target_value": 40
              }
            ]
          },
          "sensitive_attributes": [],
          "identity_schema_version": 0,
          "private": "bnVsbA==",
          "dependencies": [
            "aws_autoscaling_group.web_asg",
            "aws_launch_template.web_template",
            "aws_security_group.web_sg",
            "data.aws_ami.amazon_linux",
            "data.aws_subnets.default"
          ]
        }
      ]
    },
    {
      "mode": "managed",
      "type": "aws_launch_template",
      "name": "web_template",
      "provider": "provider[\"registry.terraform.io/hashicorp/aws\"]",
      "instances": [
        {
          "schema_version": 0,
          "attributes": {
            "arn": "arn:aws:ec2:ap-southeast-1:528757786828:launch-template/lt-0b6de8e86160211b8",
            "block_device_mappings": [],
            "capacity_reservation_specification": [],
            "cpu_options": [],
            "credit_specification": [],
            "default_version": 1,
            "description": "",
            "disable_api_stop": false,
            "disable_api_termination": false,
            "ebs_optimized": "",
            "elastic_gpu_specifications": [],
            "elastic_inference_accelerator": [],
            "enclave_options": [],
            "hibernation_options": [],
            "iam_instance_profile": [],
            "id": "lt-0b6de8e86160211b8",
            "image_id": "ami-029ad316e58237cd4",
            "instance_initiated_shutdown_behavior": "",
            "instance_market_options": [],
            "instance_requirements": [],
            "instance_type": "t2.micro",
            "kernel_id": "",
            "key_name": "",
            "latest_version": 2,
            "license_specification": [],
            "maintenance_options": [],
            "metadata_options": [],
            "monitoring": [],
            "name": "web-server-template-20251031095519726300000001",
            "name_prefix": "web-server-template-",
            "network_interfaces": [],
            "placement": [],
            "private_dns_name_options": [],
            "ram_disk_id": "",
            "security_group_names": [],
            "tag_specifications": [],
            "tags": {
              "version": "1.0.4"
            },
            "tags_all": {
              "version": "1.0.4"
            },
            "update_default_version": null,
            "user_data": "IyEvYmluL2Jhc2gKeXVtIHVwZGF0ZSAteQp5dW0gaW5zdGFsbCAteSBkb2NrZXIgZ2l0CnNlcnZpY2UgZG9ja2VyIHN0YXJ0CnVzZXJtb2QgLWEgLUcgZG9ja2VyIGVjMi11c2VyCgojIENsb25lIHRoZSByZXBvc2l0b3J5IHdpdGggdGhlIGFwcCBjb2RlCiMgZm9yY2UgY2xlYW4Kcm0gLXJmIC9ob21lL2VjMi11c2VyL2FwcCAKZ2l0IGNsb25lIGh0dHBzOi8vZ2l0aHViLmNvbS9ZZWxsb3dPMi9sb2FkYmFsYW5jZXItd2ViYXBwLmdpdCAvaG9tZS9lYzItdXNlci9hcHAKCiMgQnVpbGQgYW5kIHJ1biB0aGUgRG9ja2VyIGNvbnRhaW5lcgpjZCAvaG9tZS9lYzItdXNlci9hcHAvYXBwCmRvY2tlciBidWlsZCAtdCBmbGFzay1hcHAgLgpkb2NrZXIgcnVuIC1kIC1wIDgwOjgwIGZsYXNrLWFwcAo=",
            "vpc_security_group_ids": [
              "sg-08bdaa847d182b967"
            ]
          },
          "sensitive_attributes": [],
          "identity_schema_version": 0,
          "private": "bnVsbA==",
          "dependencies": [
            "aws_security_group.web_sg",
            "data.aws_ami.amazon_linux"
          ]
        }
      ]
    },
    {
      "mode": "managed",
      "type": "aws_lb",
      "name": "web_lb",
      "provider": "provider[\"registry.terraform.io/hashicorp/aws\"]",
      "instances": [
        {
          "schema_version": 0,
          "attributes": {
            "access_logs": [
              {
                "bucket": "",
                "enabled": false,
                "prefix": ""
              }
            ],
            "arn": "arn:aws:elasticloadbalancing:ap-southeast-1:528757786828:loadbalancer/app/web-load-balancer/c673716f04826748",
            "arn_suffix": "app/web-load-balancer/c673716f04826748",
            "client_keep_alive": 3600,
            "connection_logs": [
              {
                "bucket": "",
                "enabled": false,
                "prefix": ""
              }
            ],
            "customer_owned_ipv4_pool": "",
            "desync_mitigation_mode": "defensive",
            "dns_name": "web-load-balancer-1350267554.ap-southeast-1.elb.amazonaws.com",
            "dns_record_client_routing_policy": null,
            "drop_invalid_header_fields": false,
            "enable_cross_zone_load_balancing": true,
            "enable_deletion_protection": false,
            "enable_http2": true,
            "enable_tls_version_and_cipher_suite_headers": false,
            "enable_waf_fail_open": false,
            "enable_xff_client_port": false,
            "enable_zonal_shift": false,
            "enforce_security_group_inbound_rules_on_private_link_traffic": "",
            "id": "arn:aws:elasticloadbalancing:ap-southeast-1:528757786828:loadbalancer/app/web-load-balancer/c673716f04826748",
            "idle_timeout": 60,
            "internal": false,
            "ip_address_type": "ipv4",
            "ipam_pools": [],
            "load_balancer_type": "application",
            "minimum_load_balancer_capacity": [],
            "name": "web-load-balancer",
            "name_prefix": "",
            "preserve_host_header": false,
            "security_groups": [
              "sg-08bdaa847d182b967"
            ],
            "subnet_mapping": [
              {
                "allocation_id": "",
                "ipv6_address": "",
                "outpost_id": "",
                "private_ipv4_address": "",
                "subnet_id": "subnet-03de4e4d550a7b267"
              },
              {
                "allocation_id": "",
                "ipv6_address": "",
                "outpost_id": "",
                "private_ipv4_address": "",
                "subnet_id": "subnet-03f2fcfd612eb018b"
              },
              {
                "allocation_id": "",
                "ipv6_address": "",
                "outpost_id": "",
                "private_ipv4_address": "",
                "subnet_id": "subnet-0f4e644c1a5d4b6a5"
              }
            ],
            "subnets": [
              "subnet-03de4e4d550a7b267",
              "subnet-03f2fcfd612eb018b",
              "subnet-0f4e644c1a5d4b6a5"
            ],
            "tags": {},
            "tags_all": {},
            "timeouts": null,
            "vpc_id": "vpc-05ab3dc5dcf0937c2",
            "xff_header_processing_mode": "append",
            "zone_id": "Z1LMS91P8CMLE5"
          },
          "sensitive_attributes": [],
          "identity_schema_version": 0,
          "private": "eyJlMmJmYjczMC1lY2FhLTExZTYtOGY4OC0zNDM2M2JjN2M0YzAiOnsiY3JlYXRlIjo2MDAwMDAwMDAwMDAsImRlbGV0ZSI6NjAwMDAwMDAwMDAwLCJ1cGRhdGUiOjYwMDAwMDAwMDAwMH19",
          "dependencies": [
            "aws_security_group.web_sg",
            "data.aws_subnets.default"
          ]
        }
      ]
    },
    {
      "mode": "managed",
      "type": "aws_lb_listener",
      "name": "web_listener",
      "provider": "provider[\"registry.terraform.io/hashicorp/aws\"]",
      "instances": [
        {
          "schema_version": 0,
          "attributes": {
            "alpn_policy": null,
            "arn": "arn:aws:elasticloadbalancing:ap-southeast-1:528757786828:listener/app/web-load-balancer/c673716f04826748/d47c20ee98ffda8a",
            "certificate_arn": null,
            "default_action": [
              {
                "authenticate_cognito": [],
                "authenticate_oidc": [],
                "fixed_response": [],
                "forward": [],
                "order": 1,
                "redirect": [],
                "target_group_arn": "arn:aws:elasticloadbalancing:ap-southeast-1:528757786828:targetgroup/web-target-group/9100e7af9475f81f",
                "type": "forward"
              }
            ],
            "id": "arn:aws:elasticloadbalancing:ap-southeast-1:528757786828:listener/app/web-load-balancer/c673716f04826748/d47c20ee98ffda8a",
            "load_balancer_arn": "arn:aws:elasticloadbalancing:ap-southeast-1:528757786828:loadbalancer/app/web-load-balancer/c673716f04826748",
            "mutual_authentication": [],
            "port": 80,
            "protocol": "HTTP",
            "routing_http_request_x_amzn_mtls_clientcert_header_name": null,
            "routing_http_request_x_amzn_mtls_clientcert_issuer_header_name": null,
            "routing_http_request_x_amzn_mtls_clientcert_leaf_header_name": null,
            "routing_http_request_x_amzn_mtls_clientcert_serial_number_header_name": null,
            "routing_http_request_x_amzn_mtls_clientcert_subject_header_name": null,
            "routing_http_request_x_amzn_mtls_clientcert_validity_header_name": null,
            "routing_http_request_x_amzn_tls_cipher_suite_header_name": null,
            "routing_http_request_x_amzn_tls_version_header_name": null,
            "routing_http_response_access_control_allow_credentials_header_value": "",
            "routing_http_response_access_control_allow_headers_header_value": "",
            "routing_http_response_access_control_allow_methods_header_value": "",
            "routing_http_response_access_control_allow_origin_header_value": "",
            "routing_http_response_access_control_expose_headers_header_value": "",
            "routing_http_response_access_control_max_age_header_value": "",
            "routing_http_response_content_security_policy_header_value": "",
            "routing_http_response_server_enabled": true,
            "routing_http_response_strict_transport_security_header_value": "",
            "routing_http_response_x_content_type_options_header_value": "",
            "routing_http_response_x_frame_options_header_value": "",
            "ssl_policy": "",
            "tags": {},
            "tags_all": {},
            "tcp_idle_timeout_seconds": null,
            "timeouts": null
          },
          "sensitive_attributes": [],
          "identity_schema_version": 0,
          "private": "eyJlMmJmYjczMC1lY2FhLTExZTYtOGY4OC0zNDM2M2JjN2M0YzAiOnsiY3JlYXRlIjozMDAwMDAwMDAwMDAsInVwZGF0ZSI6MzAwMDAwMDAwMDAwfX0=",
          "dependencies": [
            "aws_lb.web_lb",
            "aws_lb_target_group.web_tg",
            "aws_security_group.web_sg",
            "data.aws_subnets.default",
            "data.aws_vpc.default"
          ]
        }
      ]
    },
    {
      "mode": "managed",
      "type": "aws_lb_target_group",
      "name": "web_tg",
      "provider": "provider[\"registry.terraform.io/hashicorp/aws\"]",
      "instances": [
        {
          "schema_version": 0,
          "attributes": {
            "arn": "arn:aws:elasticloadbalancing:ap-southeast-1:528757786828:targetgroup/web-target-group/9100e7af9475f81f",
            "arn_suffix": "targetgroup/web-target-group/9100e7af9475f81f",
            "connection_termination": null,
            "deregistration_delay": "300",
            "health_check": [
              {
                "enabled": true,
                "healthy_threshold": 5,
                "interval": 30,
                "matcher": "200",
                "path": "/",
                "port": "traffic-port",
                "protocol": "HTTP",
                "timeout": 5,
                "unhealthy_threshold": 2
              }
            ],
            "id": "arn:aws:elasticloadbalancing:ap-southeast-1:528757786828:targetgroup/web-target-group/9100e7af9475f81f",
            "ip_address_type": "ipv4",
            "lambda_multi_value_headers_enabled": false,
            "load_balancer_arns": [
              "arn:aws:elasticloadbalancing:ap-southeast-1:528757786828:loadbalancer/app/web-load-balancer/c673716f04826748"
            ],
            "load_balancing_algorithm_type": "round_robin",
            "load_balancing_anomaly_mitigation": "off",
            "load_balancing_cross_zone_enabled": "use_load_balancer_configuration",
            "name": "web-target-group",
            "name_prefix": "",
            "port": 80,
            "preserve_client_ip": null,
            "protocol": "HTTP",
            "protocol_version": "HTTP1",
            "proxy_protocol_v2": false,
            "slow_start": 0,
            "stickiness": [
              {
                "cookie_duration": 86400,
                "cookie_name": "",
                "enabled": false,
                "type": "lb_cookie"
              }
            ],
            "tags": {},
            "tags_all": {},
            "target_failover": [
              {
                "on_deregistration": null,
                "on_unhealthy": null
              }
            ],
            "target_group_health": [
              {
                "dns_failover": [
                  {
                    "minimum_healthy_targets_count": "1",
                    "minimum_healthy_targets_percentage": "off"
                  }
                ],
                "unhealthy_state_routing": [
                  {
                    "minimum_healthy_targets_count": 1,
                    "minimum_healthy_targets_percentage": "off"
                  }
                ]
              }
            ],
            "target_health_state": [
              {
                "enable_unhealthy_connection_termination": null,
                "unhealthy_draining_interval": null
              }
            ],
            "target_type": "instance",
            "vpc_id": "vpc-05ab3dc5dcf0937c2"
          },
          "sensitive_attributes": [],
          "identity_schema_version": 0,
          "private": "bnVsbA==",
          "dependencies": [
            "data.aws_vpc.default"
          ]
        }
      ]
    },
    {
      "mode": "managed",
      "type": "aws_security_group",
      "name": "web_sg",
      "provider": "provider[\"registry.terraform.io/hashicorp/aws\"]",
      "instances": [
        {
          "schema_version": 1,
          "attributes": {
            "arn": "arn:aws:ec2:ap-southeast-1:528757786828:security-group/sg-08bdaa847d182b967",
            "description": "Allow HTTP inbound traffic",
            "egress": [
              {
                "cidr_blocks": [
                  "0.0.0.0/0"
                ],
                "description": "",
                "from_port": 0,
                "ipv6_cidr_blocks": [],
                "prefix_list_ids": [],
                "protocol": "-1",
                "security_groups": [],
                "self": false,
                "to_port": 0
              }
            ],
            "id": "sg-08bdaa847d182b967",
            "ingress": [
              {
                "cidr_blocks": [
                  "0.0.0.0/0"
                ],
                "description": "",
                "from_port": 80,
                "ipv6_cidr_blocks": [],
                "prefix_list_ids": [],
                "protocol": "tcp",
                "security_groups": [],
                "self": false,
                "to_port": 80
              }
            ],
            "name": "web-server-sg",
            "name_prefix": "",
            "owner_id": "528757786828",
            "revoke_rules_on_delete": false,
            "tags": {},
            "tags_all": {},
            "timeouts": null,
            "vpc_id": "vpc-05ab3dc5dcf0937c2"
          },
          "sensitive_attributes": [],
          "identity_schema_version": 0,
          "private": "eyJlMmJmYjczMC1lY2FhLTExZTYtOGY4OC0zNDM2M2JjN2M0YzAiOnsiY3JlYXRlIjo2MDAwMDAwMDAwMDAsImRlbGV0ZSI6OTAwMDAwMDAwMDAwfSwic2NoZW1hX3ZlcnNpb24iOiIxIn0="
        }
      ]
    }
  ],
  "check_results": null
}
